
Microsoft Visual Studio Solution File, Format Version 12.00
# Visual Studio Version 17
VisualStudioVersion = 17.10.35027.167
MinimumVisualStudioVersion = 10.0.40219.1
Project("{FAE04EC0-301F-11D3-BF4B-00C04F79EFBC}") = "WebApplicationDe10", "WebApplicationDe10\WebApplicationDe10.csproj", "{B7131947-A245-436B-A8CA-2CB7334B75DD}"
EndProject
Global
	GlobalSection(SolutionConfigurationPlatforms) = preSolution
		Debug|Any CPU = Debug|Any CPU
		Release|Any CPU = Release|Any CPU
	EndGlobalSection
	GlobalSection(ProjectConfigurationPlatforms) = postSolution
		{B7131947-A245-436B-A8CA-2CB7334B75DD}.Debug|Any CPU.ActiveCfg = Debug|Any CPU
		{B7131947-A245-436B-A8CA-2CB7334B75DD}.Debug|Any CPU.Build.0 = Debug|Any CPU
		{B7131947-A245-436B-A8CA-2CB7334B75DD}.Release|Any CPU.ActiveCfg = Release|Any CPU
		{B7131947-A245-436B-A8CA-2CB7334B75DD}.Release|Any CPU.Build.0 = Release|Any CPU
	EndGlobalSection
	GlobalSection(SolutionProperties) = preSolution
		HideSolutionNode = FALSE
	EndGlobalSection
	GlobalSection(ExtensibilityGlobals) = postSolution
		SolutionGuid = {753FDC5C-30B3-4F5F-A586-E95321FFF447}
	EndGlobalSection
EndGlobal
